
Microsoft Visual Studio Solution File, Format Version 12.00
# Visual Studio 15
VisualStudioVersion = 15.0.28307.572
MinimumVisualStudioVersion = 10.0.40219.1
Project("{9A19103F-16F7-4668-BE54-9A1E7A4F7556}") = "FizzBuzzDojo", "FizzBuzz\FizzBuzzDojo\FizzBuzzDojo.csproj", "{855945DA-8078-4E56-AC3F-6A3FC275DF68}"
EndProject
Project("{9A19103F-16F7-4668-BE54-9A1E7A4F7556}") = "FizzBuzzDojoTest", "FizzBuzz\FizzBuzzDojoTest\FizzBuzzDojoTest.csproj", "{BB2431AA-8581-42E2-A770-0BFD13339CC1}"
EndProject
Project("{2150E333-8FDC-42A3-9474-1A3956D46DE8}") = "FizzBuzz", "FizzBuzz", "{31A4D81C-C983-4144-A2EC-216321FE6652}"
EndProject
Project("{2150E333-8FDC-42A3-9474-1A3956D46DE8}") = "Sudoku", "Sudoku", "{524C7259-3B65-45C8-AB4A-39AC8E464C70}"
EndProject
Project("{FAE04EC0-301F-11D3-BF4B-00C04F79EFBC}") = "SudokuDojo", "Sudoku\SudokuDojo\SudokuDojo.csproj", "{88636F45-E7BB-4E37-8438-6ED2E3C88FC3}"
EndProject
Project("{FAE04EC0-301F-11D3-BF4B-00C04F79EFBC}") = "SudokuDojoTest", "Sudoku\SudokuDojoTest\SudokuDojoTest.csproj", "{086075B2-D918-4174-AB9B-485F326D29E2}"
EndProject
Global
	GlobalSection(SolutionConfigurationPlatforms) = preSolution
		Debug|Any CPU = Debug|Any CPU
		Release|Any CPU = Release|Any CPU
	EndGlobalSection
	GlobalSection(ProjectConfigurationPlatforms) = postSolution
		{855945DA-8078-4E56-AC3F-6A3FC275DF68}.Debug|Any CPU.ActiveCfg = Debug|Any CPU
		{855945DA-8078-4E56-AC3F-6A3FC275DF68}.Debug|Any CPU.Build.0 = Debug|Any CPU
		{855945DA-8078-4E56-AC3F-6A3FC275DF68}.Release|Any CPU.ActiveCfg = Release|Any CPU
		{855945DA-8078-4E56-AC3F-6A3FC275DF68}.Release|Any CPU.Build.0 = Release|Any CPU
		{BB2431AA-8581-42E2-A770-0BFD13339CC1}.Debug|Any CPU.ActiveCfg = Debug|Any CPU
		{BB2431AA-8581-42E2-A770-0BFD13339CC1}.Debug|Any CPU.Build.0 = Debug|Any CPU
		{BB2431AA-8581-42E2-A770-0BFD13339CC1}.Release|Any CPU.ActiveCfg = Release|Any CPU
		{BB2431AA-8581-42E2-A770-0BFD13339CC1}.Release|Any CPU.Build.0 = Release|Any CPU
		{88636F45-E7BB-4E37-8438-6ED2E3C88FC3}.Debug|Any CPU.ActiveCfg = Debug|Any CPU
		{88636F45-E7BB-4E37-8438-6ED2E3C88FC3}.Debug|Any CPU.Build.0 = Debug|Any CPU
		{88636F45-E7BB-4E37-8438-6ED2E3C88FC3}.Release|Any CPU.ActiveCfg = Release|Any CPU
		{88636F45-E7BB-4E37-8438-6ED2E3C88FC3}.Release|Any CPU.Build.0 = Release|Any CPU
		{086075B2-D918-4174-AB9B-485F326D29E2}.Debug|Any CPU.ActiveCfg = Debug|Any CPU
		{086075B2-D918-4174-AB9B-485F326D29E2}.Debug|Any CPU.Build.0 = Debug|Any CPU
		{086075B2-D918-4174-AB9B-485F326D29E2}.Release|Any CPU.ActiveCfg = Release|Any CPU
		{086075B2-D918-4174-AB9B-485F326D29E2}.Release|Any CPU.Build.0 = Release|Any CPU
	EndGlobalSection
	GlobalSection(SolutionProperties) = preSolution
		HideSolutionNode = FALSE
	EndGlobalSection
	GlobalSection(NestedProjects) = preSolution
		{855945DA-8078-4E56-AC3F-6A3FC275DF68} = {31A4D81C-C983-4144-A2EC-216321FE6652}
		{BB2431AA-8581-42E2-A770-0BFD13339CC1} = {31A4D81C-C983-4144-A2EC-216321FE6652}
		{88636F45-E7BB-4E37-8438-6ED2E3C88FC3} = {524C7259-3B65-45C8-AB4A-39AC8E464C70}
		{086075B2-D918-4174-AB9B-485F326D29E2} = {524C7259-3B65-45C8-AB4A-39AC8E464C70}
	EndGlobalSection
	GlobalSection(ExtensibilityGlobals) = postSolution
		SolutionGuid = {F14F188F-464D-41F5-AD5C-626FCD83E0F9}
	EndGlobalSection
EndGlobal
